{
  "nodes": {
    "nixpkgs": {
      "locked": {
        "lastModified": 1709398005,
        "narHash": "sha256-pYrD7bVPmHROQvWoymzVdq+4ABGG8XYrQPj1pPdCZlI=",
        "owner": "NixOS",
        "repo": "nixpkgs",
        "rev": "f6665de8476acd4c1cccad8d2c3424c68d78bbc4",
        "type": "github"
      },
      "original": {
        "owner": "NixOS",
        "ref": "release-23.11",
        "repo": "nixpkgs",
        "type": "github"
      }
    },
    "root": {
      "inputs": {
        "nixpkgs": "nixpkgs"
      }
    }
  },
  "root": "root",
  "version": 7
}
